
Microsoft Visual Studio Solution File, Format Version 12.00
# Visual Studio Version 17
VisualStudioVersion = 17.1.32421.90
MinimumVisualStudioVersion = 10.0.40219.1
Project("{9A19103F-16F7-4668-BE54-9A1E7A4F7556}") = "projeto-xp", "projeto-xp.csproj", "{291D9860-93CB-4035-BDC8-D1057ED6D422}"
EndProject
Global
	GlobalSection(SolutionConfigurationPlatforms) = preSolution
		Debug|Any CPU = Debug|Any CPU
		Release|Any CPU = Release|Any CPU
	EndGlobalSection
	GlobalSection(ProjectConfigurationPlatforms) = postSolution
		{291D9860-93CB-4035-BDC8-D1057ED6D422}.Debug|Any CPU.ActiveCfg = Debug|Any CPU
		{291D9860-93CB-4035-BDC8-D1057ED6D422}.Debug|Any CPU.Build.0 = Debug|Any CPU
		{291D9860-93CB-4035-BDC8-D1057ED6D422}.Release|Any CPU.ActiveCfg = Release|Any CPU
		{291D9860-93CB-4035-BDC8-D1057ED6D422}.Release|Any CPU.Build.0 = Release|Any CPU
	EndGlobalSection
	GlobalSection(SolutionProperties) = preSolution
		HideSolutionNode = FALSE
	EndGlobalSection
	GlobalSection(ExtensibilityGlobals) = postSolution
		SolutionGuid = {9CB97CA3-E3BB-4E42-A608-C230CAD722E3}
	EndGlobalSection
EndGlobal
